
Microsoft Visual Studio Solution File, Format Version 12.00
# Visual Studio Version 17
VisualStudioVersion = 17.5.002.0
MinimumVisualStudioVersion = 10.0.40219.1
Project("{9A19103F-16F7-4668-BE54-9A1E7A4F7556}") = "Task41", "Task41.csproj", "{ACFF1812-F3CB-4C18-943A-E7D0978AD55A}"
EndProject
Global
	GlobalSection(SolutionConfigurationPlatforms) = preSolution
		Debug|Any CPU = Debug|Any CPU
		Release|Any CPU = Release|Any CPU
	EndGlobalSection
	GlobalSection(ProjectConfigurationPlatforms) = postSolution
		{ACFF1812-F3CB-4C18-943A-E7D0978AD55A}.Debug|Any CPU.ActiveCfg = Debug|Any CPU
		{ACFF1812-F3CB-4C18-943A-E7D0978AD55A}.Debug|Any CPU.Build.0 = Debug|Any CPU
		{ACFF1812-F3CB-4C18-943A-E7D0978AD55A}.Release|Any CPU.ActiveCfg = Release|Any CPU
		{ACFF1812-F3CB-4C18-943A-E7D0978AD55A}.Release|Any CPU.Build.0 = Release|Any CPU
	EndGlobalSection
	GlobalSection(SolutionProperties) = preSolution
		HideSolutionNode = FALSE
	EndGlobalSection
	GlobalSection(ExtensibilityGlobals) = postSolution
		SolutionGuid = {AD0E9AD4-2074-4CC2-AEF1-A62CE0C2E257}
	EndGlobalSection
EndGlobal
